
Microsoft Visual Studio Solution File, Format Version 10.00
# Visual Studio 2008
Project("{F184B08F-C81C-45F6-A57F-5ABD9991F28F}") = "Walkthrough", "Walkthrough\Walkthrough.vbproj", "{54BA10F2-20B5-4043-A6EF-DB677D25908D}"
EndProject
Global
	GlobalSection(SolutionConfigurationPlatforms) = preSolution
		Debug|Any CPU = Debug|Any CPU
		Release|Any CPU = Release|Any CPU
	EndGlobalSection
	GlobalSection(ProjectConfigurationPlatforms) = postSolution
		{54BA10F2-20B5-4043-A6EF-DB677D25908D}.Debug|Any CPU.ActiveCfg = Debug|Any CPU
		{54BA10F2-20B5-4043-A6EF-DB677D25908D}.Debug|Any CPU.Build.0 = Debug|Any CPU
		{54BA10F2-20B5-4043-A6EF-DB677D25908D}.Release|Any CPU.ActiveCfg = Release|Any CPU
		{54BA10F2-20B5-4043-A6EF-DB677D25908D}.Release|Any CPU.Build.0 = Release|Any CPU
	EndGlobalSection
	GlobalSection(SolutionProperties) = preSolution
		HideSolutionNode = FALSE
	EndGlobalSection
EndGlobal
